PODS:
  - LYAVKit (0.0.1):
    - LYAVKit/Audio (= 0.0.1)
    - LYAVKit/Uitily (= 0.0.1)
  - LYAVKit/Audio (0.0.1)
  - LYAVKit/Uitily (0.0.1)

DEPENDENCIES:
  - LYAVKit (from `../../`)

EXTERNAL SOURCES:
  LYAVKit:
    :path: "../../"

SPEC CHECKSUMS:
  LYAVKit: 8b6f41f7e77054605b96b3f8f42db207ebd22264

PODFILE CHECKSUM: 2feb67d8d8a2bad083e4a697de6046ca548ca508

COCOAPODS: 1.10.1
